Microsoft Visual Studio Solution File, Format Version 12.00
# Visual Studio Version 17
VisualStudioVersion = 17.5.2.0
MinimumVisualStudioVersion = 10.0.40219.1
Project("{FAE04EC0-301F-11D3-BF4B-00C04F79EFBC}") = "GardenCentreApp", "GardenCentreApp.csproj", "{218C811F-B703-240B-FC5E-98D94D49836E}"
EndProject
Global
	GlobalSection(SolutionConfigurationPlatforms) = preSolution
		Debug|Any CPU = Debug|Any CPU
		Release|Any CPU = Release|Any CPU
	EndGlobalSection
	GlobalSection(ProjectConfigurationPlatforms) = postSolution
		{218C811F-B703-240B-FC5E-98D94D49836E}.Debug|Any CPU.ActiveCfg = Debug|Any CPU
		{218C811F-B703-240B-FC5E-98D94D49836E}.Debug|Any CPU.Build.0 = Debug|Any CPU
		{218C811F-B703-240B-FC5E-98D94D49836E}.Release|Any CPU.ActiveCfg = Release|Any CPU
		{218C811F-B703-240B-FC5E-98D94D49836E}.Release|Any CPU.Build.0 = Release|Any CPU
	EndGlobalSection
	GlobalSection(SolutionProperties) = preSolution
		HideSolutionNode = FALSE
	EndGlobalSection
	GlobalSection(ExtensibilityGlobals) = postSolution
		SolutionGuid = {1A9155D3-52F5-44BA-A00E-33A52A70171E}
	EndGlobalSection
EndGlobal
